{
  "nodes": {
    "mypkgs": {
      "inputs": {
        "nixpkgs": "nixpkgs"
      },
      "locked": {
        "lastModified": 1733853777,
        "narHash": "sha256-EBdTU2nSsWmLtlb4AloQijE89Td4OEg2DnN8rsKuyyM=",
        "owner": "spitulax",
        "repo": "mypkgs",
        "rev": "7c8c028c94a6da039cfc68925cc5e3279cd6c748",
        "type": "github"
      },
      "original": {
        "owner": "spitulax",
        "repo": "mypkgs",
        "type": "github"
      }
    },
    "nixpkgs": {
      "locked": {
        "lastModified": 1733759999,
        "narHash": "sha256-463SNPWmz46iLzJKRzO3Q2b0Aurff3U1n0nYItxq7jU=",
        "owner": "nixos",
        "repo": "nixpkgs",
        "rev": "a73246e2eef4c6ed172979932bc80e1404ba2d56",
        "type": "github"
      },
      "original": {
        "owner": "nixos",
        "ref": "nixos-unstable",
        "repo": "nixpkgs",
        "type": "github"
      }
    },
    "nixpkgs_2": {
      "locked": {
        "lastModified": 1733759999,
        "narHash": "sha256-463SNPWmz46iLzJKRzO3Q2b0Aurff3U1n0nYItxq7jU=",
        "owner": "nixos",
        "repo": "nixpkgs",
        "rev": "a73246e2eef4c6ed172979932bc80e1404ba2d56",
        "type": "github"
      },
      "original": {
        "owner": "nixos",
        "ref": "nixos-unstable",
        "repo": "nixpkgs",
        "type": "github"
      }
    },
    "root": {
      "inputs": {
        "mypkgs": "mypkgs",
        "nixpkgs": "nixpkgs_2"
      }
    }
  },
  "root": "root",
  "version": 7
}
